
Microsoft Visual Studio Solution File, Format Version 11.00
# Visual Studio 2010
# SharpDevelop 4.4
Project("{FAE04EC0-301F-11D3-BF4B-00C04F79EFBC}") = "Ejercicio19", "Ejercicio19\Ejercicio19.csproj", "{B41FBB46-8699-41C1-BACB-93DF12FC1540}"
EndProject
Global
	GlobalSection(SolutionConfigurationPlatforms) = preSolution
		Debug|Any CPU = Debug|Any CPU
		Release|Any CPU = Release|Any CPU
	EndGlobalSection
	GlobalSection(ProjectConfigurationPlatforms) = postSolution
		{B41FBB46-8699-41C1-BACB-93DF12FC1540}.Debug|Any CPU.Build.0 = Debug|Any CPU
		{B41FBB46-8699-41C1-BACB-93DF12FC1540}.Debug|Any CPU.ActiveCfg = Debug|Any CPU
		{B41FBB46-8699-41C1-BACB-93DF12FC1540}.Release|Any CPU.Build.0 = Release|Any CPU
		{B41FBB46-8699-41C1-BACB-93DF12FC1540}.Release|Any CPU.ActiveCfg = Release|Any CPU
	EndGlobalSection
EndGlobal
