
Microsoft Visual Studio Solution File, Format Version 11.00
# Visual Studio 2010
# SharpDevelop 4.4
Project("{FAE04EC0-301F-11D3-BF4B-00C04F79EFBC}") = "Ejercicio12", "Ejercicio12\Ejercicio12.csproj", "{B617F2CA-7E9F-48E3-A06D-953CAB04AC9A}"
EndProject
Global
	GlobalSection(SolutionConfigurationPlatforms) = preSolution
		Debug|Any CPU = Debug|Any CPU
		Release|Any CPU = Release|Any CPU
	EndGlobalSection
	GlobalSection(ProjectConfigurationPlatforms) = postSolution
		{B617F2CA-7E9F-48E3-A06D-953CAB04AC9A}.Debug|Any CPU.Build.0 = Debug|Any CPU
		{B617F2CA-7E9F-48E3-A06D-953CAB04AC9A}.Debug|Any CPU.ActiveCfg = Debug|Any CPU
		{B617F2CA-7E9F-48E3-A06D-953CAB04AC9A}.Release|Any CPU.Build.0 = Release|Any CPU
		{B617F2CA-7E9F-48E3-A06D-953CAB04AC9A}.Release|Any CPU.ActiveCfg = Release|Any CPU
	EndGlobalSection
EndGlobal
