
Microsoft Visual Studio Solution File, Format Version 11.00
# Visual Studio 2010
# SharpDevelop 4.4
Project("{FAE04EC0-301F-11D3-BF4B-00C04F79EFBC}") = "Ej20", "Ej20\Ej20.csproj", "{15F67A4F-9C68-4E0A-8306-11C79D840C8A}"
EndProject
Global
	GlobalSection(SolutionConfigurationPlatforms) = preSolution
		Debug|Any CPU = Debug|Any CPU
		Release|Any CPU = Release|Any CPU
	EndGlobalSection
	GlobalSection(ProjectConfigurationPlatforms) = postSolution
		{15F67A4F-9C68-4E0A-8306-11C79D840C8A}.Debug|Any CPU.Build.0 = Debug|Any CPU
		{15F67A4F-9C68-4E0A-8306-11C79D840C8A}.Debug|Any CPU.ActiveCfg = Debug|Any CPU
		{15F67A4F-9C68-4E0A-8306-11C79D840C8A}.Release|Any CPU.Build.0 = Release|Any CPU
		{15F67A4F-9C68-4E0A-8306-11C79D840C8A}.Release|Any CPU.ActiveCfg = Release|Any CPU
	EndGlobalSection
EndGlobal
