
Microsoft Visual Studio Solution File, Format Version 11.00
# Visual Studio 2010
# SharpDevelop 4.4
Project("{FAE04EC0-301F-11D3-BF4B-00C04F79EFBC}") = "Ej19", "Ej19\Ej19.csproj", "{66932BE6-D9B6-43D1-AE14-B2901DFEDA56}"
EndProject
Global
	GlobalSection(SolutionConfigurationPlatforms) = preSolution
		Debug|Any CPU = Debug|Any CPU
		Release|Any CPU = Release|Any CPU
	EndGlobalSection
	GlobalSection(ProjectConfigurationPlatforms) = postSolution
		{66932BE6-D9B6-43D1-AE14-B2901DFEDA56}.Debug|Any CPU.Build.0 = Debug|Any CPU
		{66932BE6-D9B6-43D1-AE14-B2901DFEDA56}.Debug|Any CPU.ActiveCfg = Debug|Any CPU
		{66932BE6-D9B6-43D1-AE14-B2901DFEDA56}.Release|Any CPU.Build.0 = Release|Any CPU
		{66932BE6-D9B6-43D1-AE14-B2901DFEDA56}.Release|Any CPU.ActiveCfg = Release|Any CPU
	EndGlobalSection
EndGlobal
