
Microsoft Visual Studio Solution File, Format Version 11.00
# Visual Studio 2010
# SharpDevelop 4.4
Project("{FAE04EC0-301F-11D3-BF4B-00C04F79EFBC}") = "Ej11", "Ej11\Ej11.csproj", "{9392F89B-58C0-4CE5-B8A2-56F57D09700C}"
EndProject
Global
	GlobalSection(SolutionConfigurationPlatforms) = preSolution
		Debug|Any CPU = Debug|Any CPU
		Release|Any CPU = Release|Any CPU
	EndGlobalSection
	GlobalSection(ProjectConfigurationPlatforms) = postSolution
		{9392F89B-58C0-4CE5-B8A2-56F57D09700C}.Debug|Any CPU.Build.0 = Debug|Any CPU
		{9392F89B-58C0-4CE5-B8A2-56F57D09700C}.Debug|Any CPU.ActiveCfg = Debug|Any CPU
		{9392F89B-58C0-4CE5-B8A2-56F57D09700C}.Release|Any CPU.Build.0 = Release|Any CPU
		{9392F89B-58C0-4CE5-B8A2-56F57D09700C}.Release|Any CPU.ActiveCfg = Release|Any CPU
	EndGlobalSection
EndGlobal
